// !$*UTF8*$!
{
	archiveVersion = 1;
	classes = {
	};
	objectVersion = 50;
	objects = {

/* Begin PBXBuildFile section */
		BB5C68D825ED110E002866A3 /* DataModel.xcdatamodeld in Sources */ = {isa = PBXBuildFile; fileRef = BB5C68D625ED110E002866A3 /* DataModel.xcdatamodeld */; };
		BBA6095625EAF08200D8A293 /* AppDelegate.swift in Sources */ = {isa = PBXBuildFile; fileRef = BBA6095525EAF08200D8A293 /* AppDelegate.swift */; };
		BBA6095825EAF08200D8A293 /* SceneDelegate.swift in Sources */ = {isa = PBXBuildFile; fileRef = BBA6095725EAF08200D8A293 /* SceneDelegate.swift */; };
		BBA6095A25EAF08200D8A293 /* ToDoListViewController.swift in Sources */ = {isa = PBXBuildFile; fileRef = BBA6095925EAF08200D8A293 /* ToDoListViewController.swift */; };
		BBA6095D25EAF08200D8A293 /* Main.storyboard in Resources */ = {isa = PBXBuildFile; fileRef = BBA6095B25EAF08200D8A293 /* Main.storyboard */; };
		BBA6095F25EAF08300D8A293 /* Assets.xcassets in Resources */ = {isa = PBXBuildFile; fileRef = BBA6095E25EAF08300D8A293 /* Assets.xcassets */; };
		BBA6096225EAF08300D8A293 /* LaunchScreen.storyboard in Resources */ = {isa = PBXBuildFile; fileRef = BBA6096025EAF08300D8A293 /* LaunchScreen.storyboard */; };
		BBA6096D25EAF08300D8A293 /* ToDoListTests.swift in Sources */ = {isa = PBXBuildFile; fileRef = BBA6096C25EAF08300D8A293 /* ToDoListTests.swift */; };
		BBA6097825EAF08300D8A293 /* ToDoListUITests.swift in Sources */ = {isa = PBXBuildFile; fileRef = BBA6097725EAF08300D8A293 /* ToDoListUITests.swift */; };
		BBA6098C25EAF3FD00D8A293 /* Constants.swift in Sources */ = {isa = PBXBuildFile; fileRef = BBA6098B25EAF3FD00D8A293 /* Constants.swift */; };
/* End PBXBuildFile section */

/* Begin PBXContainerItemProxy section */
		BBA6096925EAF08300D8A293 /* PBXContainerItemProxy */ = {
			isa = PBXContainerItemProxy;
			containerPortal = BBA6094A25EAF08200D8A293 /* Project object */;
			proxyType = 1;
			remoteGlobalIDString = BBA6095125EAF08200D8A293;
			remoteInfo = ToDoList;
		};
		BBA6097425EAF08300D8A293 /* PBXContainerItemProxy */ = {
			isa = PBXContainerItemProxy;
			containerPortal = BBA6094A25EAF08200D8A293 /* Project object */;
			proxyType = 1;
			remoteGlobalIDString = BBA6095125EAF08200D8A293;
			remoteInfo = ToDoList;
		};
/* End PBXContainerItemProxy section */

/* Begin PBXFileReference section */
		BB5C68D725ED110E002866A3 /* DataModel.xcdatamodel */ = {isa = PBXFileReference; lastKnownFileType = wrapper.xcdatamodel; path = DataModel.xcdatamodel; sourceTree = "<group>"; };
		BBA6095225EAF08200D8A293 /* ToDoList.app */ = {isa = PBXFileReference; explicitFileType = wrapper.application; includeInIndex = 0; path = ToDoList.app; sourceTree = BUILT_PRODUCTS_DIR; };
		BBA6095525EAF08200D8A293 /* AppDelegate.swift */ = {isa = PBXFileReference; lastKnownFileType = sourcecode.swift; path = AppDelegate.swift; sourceTree = "<group>"; };
		BBA6095725EAF08200D8A293 /* SceneDelegate.swift */ = {isa = PBXFileReference; lastKnownFileType = sourcecode.swift; path = SceneDelegate.swift; sourceTree = "<group>"; };
		BBA6095925EAF08200D8A293 /* ToDoListViewController.swift */ = {isa = PBXFileReference; lastKnownFileType = sourcecode.swift; path = ToDoListViewController.swift; sourceTree = "<group>"; };
		BBA6095C25EAF08200D8A293 /* Base */ = {isa = PBXFileReference; lastKnownFileType = file.storyboard; name = Base; path = Base.lproj/Main.storyboard; sourceTree = "<group>"; };
		BBA6095E25EAF08300D8A293 /* Assets.xcassets */ = {isa = PBXFileReference; lastKnownFileType = folder.assetcatalog; path = Assets.xcassets; sourceTree = "<group>"; };
		BBA6096125EAF08300D8A293 /* Base */ = {isa = PBXFileReference; lastKnownFileType = file.storyboard; name = Base; path = Base.lproj/LaunchScreen.storyboard; sourceTree = "<group>"; };
		BBA6096325EAF08300D8A293 /* Info.plist */ = {isa = PBXFileReference; lastKnownFileType = text.plist.xml; path = Info.plist; sourceTree = "<group>"; };
		BBA6096825EAF08300D8A293 /* ToDoListTests.xctest */ = {isa = PBXFileReference; explicitFileType = wrapper.cfbundle; includeInIndex = 0; path = ToDoListTests.xctest; sourceTree = BUILT_PRODUCTS_DIR; };
		BBA6096C25EAF08300D8A293 /* ToDoListTests.swift */ = {isa = PBXFileReference; lastKnownFileType = sourcecode.swift; path = ToDoListTests.swift; sourceTree = "<group>"; };
		BBA6096E25EAF08300D8A293 /* Info.plist */ = {isa = PBXFileReference; lastKnownFileType = text.plist.xml; path = Info.plist; sourceTree = "<group>"; };
		BBA6097325EAF08300D8A293 /* ToDoListUITests.xctest */ = {isa = PBXFileReference; explicitFileType = wrapper.cfbundle; includeInIndex = 0; path = ToDoListUITests.xctest; sourceTree = BUILT_PRODUCTS_DIR; };
		BBA6097725EAF08300D8A293 /* ToDoListUITests.swift */ = {isa = PBXFileReference; lastKnownFileType = sourcecode.swift; path = ToDoListUITests.swift; sourceTree = "<group>"; };
		BBA6097925EAF08300D8A293 /* Info.plist */ = {isa = PBXFileReference; lastKnownFileType = text.plist.xml; path = Info.plist; sourceTree = "<group>"; };
		BBA6098B25EAF3FD00D8A293 /* Constants.swift */ = {isa = PBXFileReference; lastKnownFileType = sourcecode.swift; path = Constants.swift; sourceTree = "<group>"; };
/* End PBXFileReference section */

/* Begin PBXFrameworksBuildPhase section */
		BBA6094F25EAF08200D8A293 /* Frameworks */ = {
			isa = PBXFrameworksBuildPhase;
			buildActionMask = 2147483647;
			files = (
			);
			runOnlyForDeploymentPostprocessing = 0;
		};
		BBA6096525EAF08300D8A293 /* Frameworks */ = {
			isa = PBXFrameworksBuildPhase;
			buildActionMask = 2147483647;
			files = (
			);
			runOnlyForDeploymentPostprocessing = 0;
		};
		BBA6097025EAF08300D8A293 /* Frameworks */ = {
			isa = PBXFrameworksBuildPhase;
			buildActionMask = 2147483647;
			files = (
			);
			runOnlyForDeploymentPostprocessing = 0;
		};
/* End PBXFrameworksBuildPhase section */

/* Begin PBXGroup section */
		BB5C68A025ECFBE0002866A3 /* DataModel */ = {
			isa = PBXGroup;
			children = (
				BB5C68D625ED110E002866A3 /* DataModel.xcdatamodeld */,
			);
			path = DataModel;
			sourceTree = "<group>";
		};
		BB5C68A925ECFC09002866A3 /* Controllers */ = {
			isa = PBXGroup;
			children = (
				BBA6095925EAF08200D8A293 /* ToDoListViewController.swift */,
			);
			path = Controllers;
			sourceTree = "<group>";
		};
		BB5C68AD25ECFC15002866A3 /* View */ = {
			isa = PBXGroup;
			children = (
				BBA6095B25EAF08200D8A293 /* Main.storyboard */,
			);
			path = View;
			sourceTree = "<group>";
		};
		BB5C68AE25ECFC30002866A3 /* Resources */ = {
			isa = PBXGroup;
			children = (
				BBA6098B25EAF3FD00D8A293 /* Constants.swift */,
				BBA6095E25EAF08300D8A293 /* Assets.xcassets */,
			);
			path = Resources;
			sourceTree = "<group>";
		};
		BBA6094925EAF08200D8A293 = {
			isa = PBXGroup;
			children = (
				BBA6095425EAF08200D8A293 /* ToDoList */,
				BBA6096B25EAF08300D8A293 /* ToDoListTests */,
				BBA6097625EAF08300D8A293 /* ToDoListUITests */,
				BBA6095325EAF08200D8A293 /* Products */,
			);
			sourceTree = "<group>";
		};
		BBA6095325EAF08200D8A293 /* Products */ = {
			isa = PBXGroup;
			children = (
				BBA6095225EAF08200D8A293 /* ToDoList.app */,
				BBA6096825EAF08300D8A293 /* ToDoListTests.xctest */,
				BBA6097325EAF08300D8A293 /* ToDoListUITests.xctest */,
			);
			name = Products;
			sourceTree = "<group>";
		};
		BBA6095425EAF08200D8A293 /* ToDoList */ = {
			isa = PBXGroup;
			children = (
				BB5C68A025ECFBE0002866A3 /* DataModel */,
				BBA6095525EAF08200D8A293 /* AppDelegate.swift */,
				BBA6095725EAF08200D8A293 /* SceneDelegate.swift */,
				BB5C68A925ECFC09002866A3 /* Controllers */,
				BB5C68AD25ECFC15002866A3 /* View */,
				BB5C68AE25ECFC30002866A3 /* Resources */,
				BBA6096025EAF08300D8A293 /* LaunchScreen.storyboard */,
				BBA6096325EAF08300D8A293 /* Info.plist */,
			);
			path = ToDoList;
			sourceTree = "<group>";
		};
		BBA6096B25EAF08300D8A293 /* ToDoListTests */ = {
			isa = PBXGroup;
			children = (
				BBA6096C25EAF08300D8A293 /* ToDoListTests.swift */,
				BBA6096E25EAF08300D8A293 /* Info.plist */,
			);
			path = ToDoListTests;
			sourceTree = "<group>";
		};
		BBA6097625EAF08300D8A293 /* ToDoListUITests */ = {
			isa = PBXGroup;
			children = (
				BBA6097725EAF08300D8A293 /* ToDoListUITests.swift */,
				BBA6097925EAF08300D8A293 /* Info.plist */,
			);
			path = ToDoListUITests;
			sourceTree = "<group>";
		};
/* End PBXGroup section */

/* Begin PBXNativeTarget section */
		BBA6095125EAF08200D8A293 /* ToDoList */ = {
			isa = PBXNativeTarget;
			buildConfigurationList = BBA6097C25EAF08300D8A293 /* Build configuration list for PBXNativeTarget "ToDoList" */;
			buildPhases = (
				BBA6094E25EAF08200D8A293 /* Sources */,
				BBA6094F25EAF08200D8A293 /* Frameworks */,
				BBA6095025EAF08200D8A293 /* Resources */,
			);
			buildRules = (
			);
			dependencies = (
			);
			name = ToDoList;
			productName = ToDoList;
			productReference = BBA6095225EAF08200D8A293 /* ToDoList.app */;
			productType = "com.apple.product-type.application";
		};
		BBA6096725EAF08300D8A293 /* ToDoListTests */ = {
			isa = PBXNativeTarget;
			buildConfigurationList = BBA6097F25EAF08300D8A293 /* Build configuration list for PBXNativeTarget "ToDoListTests" */;
			buildPhases = (
				BBA6096425EAF08300D8A293 /* Sources */,
				BBA6096525EAF08300D8A293 /* Frameworks */,
				BBA6096625EAF08300D8A293 /* Resources */,
			);
			buildRules = (
			);
			dependencies = (
				BBA6096A25EAF08300D8A293 /* PBXTargetDependency */,
			);
			name = ToDoListTests;
			productName = ToDoListTests;
			productReference = BBA6096825EAF08300D8A293 /* ToDoListTests.xctest */;
			productType = "com.apple.product-type.bundle.unit-test";
		};
		BBA6097225EAF08300D8A293 /* ToDoListUITests */ = {
			isa = PBXNativeTarget;
			buildConfigurationList = BBA6098225EAF08300D8A293 /* Build configuration list for PBXNativeTarget "ToDoListUITests" */;
			buildPhases = (
				BBA6096F25EAF08300D8A293 /* Sources */,
				BBA6097025EAF08300D8A293 /* Frameworks */,
				BBA6097125EAF08300D8A293 /* Resources */,
			);
			buildRules = (
			);
			dependencies = (
				BBA6097525EAF08300D8A293 /* PBXTargetDependency */,
			);
			name = ToDoListUITests;
			productName = ToDoListUITests;
			productReference = BBA6097325EAF08300D8A293 /* ToDoListUITests.xctest */;
			productType = "com.apple.product-type.bundle.ui-testing";
		};
/* End PBXNativeTarget section */

/* Begin PBXProject section */
		BBA6094A25EAF08200D8A293 /* Project object */ = {
			isa = PBXProject;
			attributes = {
				LastSwiftUpdateCheck = 1240;
				LastUpgradeCheck = 1240;
				TargetAttributes = {
					BBA6095125EAF08200D8A293 = {
						CreatedOnToolsVersion = 12.4;
					};
					BBA6096725EAF08300D8A293 = {
						CreatedOnToolsVersion = 12.4;
						TestTargetID = BBA6095125EAF08200D8A293;
					};
					BBA6097225EAF08300D8A293 = {
						CreatedOnToolsVersion = 12.4;
						TestTargetID = BBA6095125EAF08200D8A293;
					};
				};
			};
			buildConfigurationList = BBA6094D25EAF08200D8A293 /* Build configuration list for PBXProject "ToDoList" */;
			compatibilityVersion = "Xcode 9.3";
			developmentRegion = en;
			hasScannedForEncodings = 0;
			knownRegions = (
				en,
				Base,
			);
			mainGroup = BBA6094925EAF08200D8A293;
			productRefGroup = BBA6095325EAF08200D8A293 /* Products */;
			projectDirPath = "";
			projectRoot = "";
			targets = (
				BBA6095125EAF08200D8A293 /* ToDoList */,
				BBA6096725EAF08300D8A293 /* ToDoListTests */,
				BBA6097225EAF08300D8A293 /* ToDoListUITests */,
			);
		};
/* End PBXProject section */

/* Begin PBXResourcesBuildPhase section */
		BBA6095025EAF08200D8A293 /* Resources */ = {
			isa = PBXResourcesBuildPhase;
			buildActionMask = 2147483647;
			files = (
				BBA6096225EAF08300D8A293 /* LaunchScreen.storyboard in Resources */,
				BBA6095F25EAF08300D8A293 /* Assets.xcassets in Resources */,
				BBA6095D25EAF08200D8A293 /* Main.storyboard in Resources */,
			);
			runOnlyForDeploymentPostprocessing = 0;
		};
		BBA6096625EAF08300D8A293 /* Resources */ = {
			isa = PBXResourcesBuildPhase;
			buildActionMask = 2147483647;
			files = (
			);
			runOnlyForDeploymentPostprocessing = 0;
		};
		BBA6097125EAF08300D8A293 /* Resources */ = {
			isa = PBXResourcesBuildPhase;
			buildActionMask = 2147483647;
			files = (
			);
			runOnlyForDeploymentPostprocessing = 0;
		};
/* End PBXResourcesBuildPhase section */

/* Begin PBXSourcesBuildPhase section */
		BBA6094E25EAF08200D8A293 /* Sources */ = {
			isa = PBXSourcesBuildPhase;
			buildActionMask = 2147483647;
			files = (
				BBA6095A25EAF08200D8A293 /* ToDoListViewController.swift in Sources */,
				BBA6095625EAF08200D8A293 /* AppDelegate.swift in Sources */,
				BB5C68D825ED110E002866A3 /* DataModel.xcdatamodeld in Sources */,
				BBA6095825EAF08200D8A293 /* SceneDelegate.swift in Sources */,
				BBA6098C25EAF3FD00D8A293 /* Constants.swift in Sources */,
			);
			runOnlyForDeploymentPostprocessing = 0;
		};
		BBA6096425EAF08300D8A293 /* Sources */ = {
			isa = PBXSourcesBuildPhase;
			buildActionMask = 2147483647;
			files = (
				BBA6096D25EAF08300D8A293 /* ToDoListTests.swift in Sources */,
			);
			runOnlyForDeploymentPostprocessing = 0;
		};
		BBA6096F25EAF08300D8A293 /* Sources */ = {
			isa = PBXSourcesBuildPhase;
			buildActionMask = 2147483647;
			files = (
				BBA6097825EAF08300D8A293 /* ToDoListUITests.swift in Sources */,
			);
			runOnlyForDeploymentPostprocessing = 0;
		};
/* End PBXSourcesBuildPhase section */

/* Begin PBXTargetDependency section */
		BBA6096A25EAF08300D8A293 /* PBXTargetDependency */ = {
			isa = PBXTargetDependency;
			target = BBA6095125EAF08200D8A293 /* ToDoList */;
			targetProxy = BBA6096925EAF08300D8A293 /* PBXContainerItemProxy */;
		};
		BBA6097525EAF08300D8A293 /* PBXTargetDependency */ = {
			isa = PBXTargetDependency;
			target = BBA6095125EAF08200D8A293 /* ToDoList */;
			targetProxy = BBA6097425EAF08300D8A293 /* PBXContainerItemProxy */;
		};
/* End PBXTargetDependency section */

/* Begin PBXVariantGroup section */
		BBA6095B25EAF08200D8A293 /* Main.storyboard */ = {
			isa = PBXVariantGroup;
			children = (
				BBA6095C25EAF08200D8A293 /* Base */,
			);
			name = Main.storyboard;
			sourceTree = "<group>";
		};
		BBA6096025EAF08300D8A293 /* LaunchScreen.storyboard */ = {
			isa = PBXVariantGroup;
			children = (
				BBA6096125EAF08300D8A293 /* Base */,
			);
			name = LaunchScreen.storyboard;
			sourceTree = "<group>";
		};
/* End PBXVariantGroup section */

/* Begin XCBuildConfiguration section */
		BBA6097A25EAF08300D8A293 /* Debug */ = {
			isa = XCBuildConfiguration;
			buildSettings = {
				ALWAYS_SEARCH_USER_PATHS = NO;
				CLANG_ANALYZER_NONNULL = YES;
				CLANG_ANALYZER_NUMBER_OBJECT_CONVERSION = YES_AGGRESSIVE;
				CLANG_CXX_LANGUAGE_STANDARD = "gnu++14";
				CLANG_CXX_LIBRARY = "libc++";
				CLANG_ENABLE_MODULES = YES;
				CLANG_ENABLE_OBJC_ARC = YES;
				CLANG_ENABLE_OBJC_WEAK = YES;
				CLANG_WARN_BLOCK_CAPTURE_AUTORELEASING = YES;
				CLANG_WARN_BOOL_CONVERSION = YES;
				CLANG_WARN_COMMA = YES;
				CLANG_WARN_CONSTANT_CONVERSION = YES;
				CLANG_WARN_DEPRECATED_OBJC_IMPLEMENTATIONS = YES;
				CLANG_WARN_DIRECT_OBJC_ISA_USAGE = YES_ERROR;
				CLANG_WARN_DOCUMENTATION_COMMENTS = YES;
				CLANG_WARN_EMPTY_BODY = YES;
				CLANG_WARN_ENUM_CONVERSION = YES;
				CLANG_WARN_INFINITE_RECURSION = YES;
				CLANG_WARN_INT_CONVERSION = YES;
				CLANG_WARN_NON_LITERAL_NULL_CONVERSION = YES;
				CLANG_WARN_OBJC_IMPLICIT_RETAIN_SELF = YES;
				CLANG_WARN_OBJC_LITERAL_CONVERSION = YES;
				CLANG_WARN_OBJC_ROOT_CLASS = YES_ERROR;
				CLANG_WARN_QUOTED_INCLUDE_IN_FRAMEWORK_HEADER = YES;
				CLANG_WARN_RANGE_LOOP_ANALYSIS = YES;
				CLANG_WARN_STRICT_PROTOTYPES = YES;
				CLANG_WARN_SUSPICIOUS_MOVE = YES;
				CLANG_WARN_UNGUARDED_AVAILABILITY = YES_AGGRESSIVE;
				CLANG_WARN_UNREACHABLE_CODE = YES;
				CLANG_WARN__DUPLICATE_METHOD_MATCH = YES;
				COPY_PHASE_STRIP = NO;
				DEBUG_INFORMATION_FORMAT = dwarf;
				ENABLE_STRICT_OBJC_MSGSEND = YES;
				ENABLE_TESTABILITY = YES;
				GCC_C_LANGUAGE_STANDARD = gnu11;
				GCC_DYNAMIC_NO_PIC = NO;
				GCC_NO_COMMON_BLOCKS = YES;
				GCC_OPTIMIZATION_LEVEL = 0;
				GCC_PREPROCESSOR_DEFINITIONS = (
					"DEBUG=1",
					"$(inherited)",
				);
				GCC_WARN_64_TO_32_BIT_CONVERSION = YES;
				GCC_WARN_ABOUT_RETURN_TYPE = YES_ERROR;
				GCC_WARN_UNDECLARED_SELECTOR = YES;
				GCC_WARN_UNINITIALIZED_AUTOS = YES_AGGRESSIVE;
				GCC_WARN_UNUSED_FUNCTION = YES;
				GCC_WARN_UNUSED_VARIABLE = YES;
				IPHONEOS_DEPLOYMENT_TARGET = 14.4;
				MTL_ENABLE_DEBUG_INFO = INCLUDE_SOURCE;
				MTL_FAST_MATH = YES;
				ONLY_ACTIVE_ARCH = YES;
				SDKROOT = iphoneos;
				SWIFT_ACTIVE_COMPILATION_CONDITIONS = DEBUG;
				SWIFT_OPTIMIZATION_LEVEL = "-Onone";
			};
			name = Debug;
		};
		BBA6097B25EAF08300D8A293 /* Release */ = {
			isa = XCBuildConfiguration;
			buildSettings = {
				ALWAYS_SEARCH_USER_PATHS = NO;
				CLANG_ANALYZER_NONNULL = YES;
				CLANG_ANALYZER_NUMBER_OBJECT_CONVERSION = YES_AGGRESSIVE;
				CLANG_CXX_LANGUAGE_STANDARD = "gnu++14";
				CLANG_CXX_LIBRARY = "libc++";
				CLANG_ENABLE_MODULES = YES;
				CLANG_ENABLE_OBJC_ARC = YES;
				CLANG_ENABLE_OBJC_WEAK = YES;
				CLANG_WARN_BLOCK_CAPTURE_AUTORELEASING = YES;
				CLANG_WARN_BOOL_CONVERSION = YES;
				CLANG_WARN_COMMA = YES;
				CLANG_WARN_CONSTANT_CONVERSION = YES;
				CLANG_WARN_DEPRECATED_OBJC_IMPLEMENTATIONS = YES;
				CLANG_WARN_DIRECT_OBJC_ISA_USAGE = YES_ERROR;
				CLANG_WARN_DOCUMENTATION_COMMENTS = YES;
				CLANG_WARN_EMPTY_BODY = YES;
				CLANG_WARN_ENUM_CONVERSION = YES;
				CLANG_WARN_INFINITE_RECURSION = YES;
				CLANG_WARN_INT_CONVERSION = YES;
				CLANG_WARN_NON_LITERAL_NULL_CONVERSION = YES;
				CLANG_WARN_OBJC_IMPLICIT_RETAIN_SELF = YES;
				CLANG_WARN_OBJC_LITERAL_CONVERSION = YES;
				CLANG_WARN_OBJC_ROOT_CLASS = YES_ERROR;
				CLANG_WARN_QUOTED_INCLUDE_IN_FRAMEWORK_HEADER = YES;
				CLANG_WARN_RANGE_LOOP_ANALYSIS = YES;
				CLANG_WARN_STRICT_PROTOTYPES = YES;
				CLANG_WARN_SUSPICIOUS_MOVE = YES;
				CLANG_WARN_UNGUARDED_AVAILABILITY = YES_AGGRESSIVE;
				CLANG_WARN_UNREACHABLE_CODE = YES;
				CLANG_WARN__DUPLICATE_METHOD_MATCH = YES;
				COPY_PHASE_STRIP = NO;
				DEBUG_INFORMATION_FORMAT = "dwarf-with-dsym";
				ENABLE_NS_ASSERTIONS = NO;
				ENABLE_STRICT_OBJC_MSGSEND = YES;
				GCC_C_LANGUAGE_STANDARD = gnu11;
				GCC_NO_COMMON_BLOCKS = YES;
				GCC_WARN_64_TO_32_BIT_CONVERSION = YES;
				GCC_WARN_ABOUT_RETURN_TYPE = YES_ERROR;
				GCC_WARN_UNDECLARED_SELECTOR = YES;
				GCC_WARN_UNINITIALIZED_AUTOS = YES_AGGRESSIVE;
				GCC_WARN_UNUSED_FUNCTION = YES;
				GCC_WARN_UNUSED_VARIABLE = YES;
				IPHONEOS_DEPLOYMENT_TARGET = 14.4;
				MTL_ENABLE_DEBUG_INFO = NO;
				MTL_FAST_MATH = YES;
				SDKROOT = iphoneos;
				SWIFT_COMPILATION_MODE = wholemodule;
				SWIFT_OPTIMIZATION_LEVEL = "-O";
				VALIDATE_PRODUCT = YES;
			};
			name = Release;
		};
		BBA6097D25EAF08300D8A293 /* Debug */ = {
			isa = XCBuildConfiguration;
			buildSettings = {
				ASSETCATALOG_COMPILER_APPICON_NAME = AppIcon;
				ASSETCATALOG_COMPILER_GLOBAL_ACCENT_COLOR_NAME = AccentColor;
				CODE_SIGN_STYLE = Automatic;
				INFOPLIST_FILE = ToDoList/Info.plist;
				LD_RUNPATH_SEARCH_PATHS = (
					"$(inherited)",
					"@executable_path/Frameworks",
				);
				PRODUCT_BUNDLE_IDENTIFIER = com.hamza.ToDoList;
				PRODUCT_NAME = "$(TARGET_NAME)";
				SWIFT_VERSION = 5.0;
				TARGETED_DEVICE_FAMILY = "1,2";
			};
			name = Debug;
		};
		BBA6097E25EAF08300D8A293 /* Release */ = {
			isa = XCBuildConfiguration;
			buildSettings = {
				ASSETCATALOG_COMPILER_APPICON_NAME = AppIcon;
				ASSETCATALOG_COMPILER_GLOBAL_ACCENT_COLOR_NAME = AccentColor;
				CODE_SIGN_STYLE = Automatic;
				INFOPLIST_FILE = ToDoList/Info.plist;
				LD_RUNPATH_SEARCH_PATHS = (
					"$(inherited)",
					"@executable_path/Frameworks",
				);
				PRODUCT_BUNDLE_IDENTIFIER = com.hamza.ToDoList;
				PRODUCT_NAME = "$(TARGET_NAME)";
				SWIFT_VERSION = 5.0;
				TARGETED_DEVICE_FAMILY = "1,2";
			};
			name = Release;
		};
		BBA6098025EAF08300D8A293 /* Debug */ = {
			isa = XCBuildConfiguration;
			buildSettings = {
				ALWAYS_EMBED_SWIFT_STANDARD_LIBRARIES = YES;
				BUNDLE_LOADER = "$(TEST_HOST)";
				CODE_SIGN_STYLE = Automatic;
				INFOPLIST_FILE = ToDoListTests/Info.plist;
				IPHONEOS_DEPLOYMENT_TARGET = 14.4;
				LD_RUNPATH_SEARCH_PATHS = (
					"$(inherited)",
					"@executable_path/Frameworks",
					"@loader_path/Frameworks",
				);
				PRODUCT_BUNDLE_IDENTIFIER = com.hamza.ToDoListTests;
				PRODUCT_NAME = "$(TARGET_NAME)";
				SWIFT_VERSION = 5.0;
				TARGETED_DEVICE_FAMILY = "1,2";
				TEST_HOST = "$(BUILT_PRODUCTS_DIR)/ToDoList.app/ToDoList";
			};
			name = Debug;
		};
		BBA6098125EAF08300D8A293 /* Release */ = {
			isa = XCBuildConfiguration;
			buildSettings = {
				ALWAYS_EMBED_SWIFT_STANDARD_LIBRARIES = YES;
				BUNDLE_LOADER = "$(TEST_HOST)";
				CODE_SIGN_STYLE = Automatic;
				INFOPLIST_FILE = ToDoListTests/Info.plist;
				IPHONEOS_DEPLOYMENT_TARGET = 14.4;
				LD_RUNPATH_SEARCH_PATHS = (
					"$(inherited)",
					"@executable_path/Frameworks",
					"@loader_path/Frameworks",
				);
				PRODUCT_BUNDLE_IDENTIFIER = com.hamza.ToDoListTests;
				PRODUCT_NAME = "$(TARGET_NAME)";
				SWIFT_VERSION = 5.0;
				TARGETED_DEVICE_FAMILY = "1,2";
				TEST_HOST = "$(BUILT_PRODUCTS_DIR)/ToDoList.app/ToDoList";
			};
			name = Release;
		};
		BBA6098325EAF08300D8A293 /* Debug */ = {
			isa = XCBuildConfiguration;
			buildSettings = {
				ALWAYS_EMBED_SWIFT_STANDARD_LIBRARIES = YES;
				CODE_SIGN_STYLE = Automatic;
				INFOPLIST_FILE = ToDoListUITests/Info.plist;
				LD_RUNPATH_SEARCH_PATHS = (
					"$(inherited)",
					"@executable_path/Frameworks",
					"@loader_path/Frameworks",
				);
				PRODUCT_BUNDLE_IDENTIFIER = com.hamza.ToDoListUITests;
				PRODUCT_NAME = "$(TARGET_NAME)";
				SWIFT_VERSION = 5.0;
				TARGETED_DEVICE_FAMILY = "1,2";
				TEST_TARGET_NAME = ToDoList;
			};
			name = Debug;
		};
		BBA6098425EAF08300D8A293 /* Release */ = {
			isa = XCBuildConfiguration;
			buildSettings = {
				ALWAYS_EMBED_SWIFT_STANDARD_LIBRARIES = YES;
				CODE_SIGN_STYLE = Automatic;
				INFOPLIST_FILE = ToDoListUITests/Info.plist;
				LD_RUNPATH_SEARCH_PATHS = (
					"$(inherited)",
					"@executable_path/Frameworks",
					"@loader_path/Frameworks",
				);
				PRODUCT_BUNDLE_IDENTIFIER = com.hamza.ToDoListUITests;
				PRODUCT_NAME = "$(TARGET_NAME)";
				SWIFT_VERSION = 5.0;
				TARGETED_DEVICE_FAMILY = "1,2";
				TEST_TARGET_NAME = ToDoList;
			};
			name = Release;
		};
/* End XCBuildConfiguration section */

/* Begin XCConfigurationList section */
		BBA6094D25EAF08200D8A293 /* Build configuration list for PBXProject "ToDoList" */ = {
			isa = XCConfigurationList;
			buildConfigurations = (
				BBA6097A25EAF08300D8A293 /* Debug */,
				BBA6097B25EAF08300D8A293 /* Release */,
			);
			defaultConfigurationIsVisible = 0;
			defaultConfigurationName = Release;
		};
		BBA6097C25EAF08300D8A293 /* Build configuration list for PBXNativeTarget "ToDoList" */ = {
			isa = XCConfigurationList;
			buildConfigurations = (
				BBA6097D25EAF08300D8A293 /* Debug */,
				BBA6097E25EAF08300D8A293 /* Release */,
			);
			defaultConfigurationIsVisible = 0;
			defaultConfigurationName = Release;
		};
		BBA6097F25EAF08300D8A293 /* Build configuration list for PBXNativeTarget "ToDoListTests" */ = {
			isa = XCConfigurationList;
			buildConfigurations = (
				BBA6098025EAF08300D8A293 /* Debug */,
				BBA6098125EAF08300D8A293 /* Release */,
			);
			defaultConfigurationIsVisible = 0;
			defaultConfigurationName = Release;
		};
		BBA6098225EAF08300D8A293 /* Build configuration list for PBXNativeTarget "ToDoListUITests" */ = {
			isa = XCConfigurationList;
			buildConfigurations = (
				BBA6098325EAF08300D8A293 /* Debug */,
				BBA6098425EAF08300D8A293 /* Release */,
			);
			defaultConfigurationIsVisible = 0;
			defaultConfigurationName = Release;
		};
/* End XCConfigurationList section */

/* Begin XCVersionGroup section */
		BB5C68D625ED110E002866A3 /* DataModel.xcdatamodeld */ = {
			isa = XCVersionGroup;
			children = (
				BB5C68D725ED110E002866A3 /* DataModel.xcdatamodel */,
			);
			currentVersion = BB5C68D725ED110E002866A3 /* DataModel.xcdatamodel */;
			path = DataModel.xcdatamodeld;
			sourceTree = "<group>";
			versionGroupType = wrapper.xcdatamodel;
		};
/* End XCVersionGroup section */
	};
	rootObject = BBA6094A25EAF08200D8A293 /* Project object */;
}
